
Microsoft Visual Studio Solution File, Format Version 12.00
# Visual Studio 15
VisualStudioVersion = 15.0.28307.421
MinimumVisualStudioVersion = 10.0.40219.1
Project("{8BC9CEB8-8B4A-11D0-8D11-00A0C91BC942}") = "Filling_Station", "Filling_Station\Filling_Station.vcxproj", "{1DB0B3BF-CF1F-47BC-95AB-D889A0260096}"
EndProject
Global
	GlobalSection(SolutionConfigurationPlatforms) = preSolution
		Debug|x64 = Debug|x64
		Debug|x86 = Debug|x86
		Release|x64 = Release|x64
		Release|x86 = Release|x86
	EndGlobalSection
	GlobalSection(ProjectConfigurationPlatforms) = postSolution
		{1DB0B3BF-CF1F-47BC-95AB-D889A0260096}.Debug|x64.ActiveCfg = Debug|x64
		{1DB0B3BF-CF1F-47BC-95AB-D889A0260096}.Debug|x64.Build.0 = Debug|x64
		{1DB0B3BF-CF1F-47BC-95AB-D889A0260096}.Debug|x86.ActiveCfg = Debug|Win32
		{1DB0B3BF-CF1F-47BC-95AB-D889A0260096}.Debug|x86.Build.0 = Debug|Win32
		{1DB0B3BF-CF1F-47BC-95AB-D889A0260096}.Release|x64.ActiveCfg = Release|x64
		{1DB0B3BF-CF1F-47BC-95AB-D889A0260096}.Release|x64.Build.0 = Release|x64
		{1DB0B3BF-CF1F-47BC-95AB-D889A0260096}.Release|x86.ActiveCfg = Release|Win32
		{1DB0B3BF-CF1F-47BC-95AB-D889A0260096}.Release|x86.Build.0 = Release|Win32
	EndGlobalSection
	GlobalSection(SolutionProperties) = preSolution
		HideSolutionNode = FALSE
	EndGlobalSection
	GlobalSection(ExtensibilityGlobals) = postSolution
		SolutionGuid = {404F138B-F2AC-4C51-ABF5-D210B8C676B3}
	EndGlobalSection
EndGlobal
